
Microsoft Visual Studio Solution File, Format Version 12.00
# Visual Studio Version 16
VisualStudioVersion = 16.0.32630.194
MinimumVisualStudioVersion = 10.0.40219.1
Project("{FAE04EC0-301F-11D3-BF4B-00C04F79EFBC}") = "Casting_Price_Jacob", "Casting_Price_Jacob\Casting_Price_Jacob.csproj", "{653224A9-A55F-4019-94C5-E505853C805E}"
EndProject
Global
	GlobalSection(SolutionConfigurationPlatforms) = preSolution
		Debug|Any CPU = Debug|Any CPU
		Release|Any CPU = Release|Any CPU
	EndGlobalSection
	GlobalSection(ProjectConfigurationPlatforms) = postSolution
		{653224A9-A55F-4019-94C5-E505853C805E}.Debug|Any CPU.ActiveCfg = Debug|Any CPU
		{653224A9-A55F-4019-94C5-E505853C805E}.Debug|Any CPU.Build.0 = Debug|Any CPU
		{653224A9-A55F-4019-94C5-E505853C805E}.Release|Any CPU.ActiveCfg = Release|Any CPU
		{653224A9-A55F-4019-94C5-E505853C805E}.Release|Any CPU.Build.0 = Release|Any CPU
	EndGlobalSection
	GlobalSection(SolutionProperties) = preSolution
		HideSolutionNode = FALSE
	EndGlobalSection
	GlobalSection(ExtensibilityGlobals) = postSolution
		SolutionGuid = {5B5A0A9D-DB95-4C2E-9CA3-3C4839D5B87E}
	EndGlobalSection
EndGlobal
